{
    "name": "rubecula",
    "version": "2.0.2",
    "lockfileVersion": 2,
    "requires": true,
    "packages": {
        "": {
            "name": "rubecula",
            "version": "2.0.2",
            "license": "MIT",
            "engines": {
                "vscode": "^1.50.0"
            }
        }
    }
}
